<?xml version="1.0" encoding="utf-8"?>
<Project ToolsVersion="4.0" xmlns="http://schemas.microsoft.com/developer/msbuild/2003">
  <ItemGroup>
    <Filter Include="ソース ファイル">
      <UniqueIdentifier>{4FC737F1-C7A5-4376-A066-2A32D752A2FF}</UniqueIdentifier>
      <Extensions>cpp;c;cc;cxx;def;odl;idl;hpj;bat;asm;asmx</Extensions>
    </Filter>
    <Filter Include="ヘッダー ファイル">
      <UniqueIdentifier>{93995380-89BD-4b04-88EB-625FBE52EBFB}</UniqueIdentifier>
      <Extensions>h;hh;hpp;hxx;hm;inl;inc;xsd</Extensions>
    </Filter>
    <Filter Include="リソース ファイル">
      <UniqueIdentifier>{67DA6AB6-F800-4c08-8B7A-83BB121AAD01}</UniqueIdentifier>
      <Extensions>rc;ico;cur;bmp;dlg;rc2;rct;bin;rgs;gif;jpg;jpeg;jpe;resx;tiff;tif;png;wav;mfcribbon-ms</Extensions>
    </Filter>
    <Filter Include="ヘッダー ファイル\Utils">
      <UniqueIdentifier>{5d377ac8-f928-4b0f-99ef-8b51cd098be0}</UniqueIdentifier>
    </Filter>
    <Filter Include="ヘッダー ファイル\GameObject">
      <UniqueIdentifier>{78f66f53-302d-475a-993f-b31524248fd0}</UniqueIdentifier>
    </Filter>
    <Filter Include="ヘッダー ファイル\GameObjectAttachments">
      <UniqueIdentifier>{415fab7a-9648-4dfd-a410-d4b0e9ccb92c}</UniqueIdentifier>
    </Filter>
    <Filter Include="ヘッダー ファイル\Scene">
      <UniqueIdentifier>{3de8d9d9-91a1-47b7-912f-a84f2c6397b6}</UniqueIdentifier>
    </Filter>
    <Filter Include="ヘッダー ファイル\SceneAttachments">
      <UniqueIdentifier>{035fcf23-6e7c-456f-8585-01c3566e481b}</UniqueIdentifier>
    </Filter>
    <Filter Include="ヘッダー ファイル\Manager">
      <UniqueIdentifier>{ff8ae0af-2685-49b6-a0a0-1e2ce6ab33c2}</UniqueIdentifier>
    </Filter>
    <Filter Include="ソース ファイル\GameObject">
      <UniqueIdentifier>{33761e38-dc47-4a66-b4d1-7dfac717fe48}</UniqueIdentifier>
    </Filter>
    <Filter Include="ソース ファイル\GameObjectAttachments">
      <UniqueIdentifier>{083ce338-4f24-40df-8631-8112a6014425}</UniqueIdentifier>
    </Filter>
    <Filter Include="ソース ファイル\Scene">
      <UniqueIdentifier>{9d9e196d-27d1-49e3-b466-800cbe061b43}</UniqueIdentifier>
    </Filter>
    <Filter Include="ソース ファイル\SceneAttachments">
      <UniqueIdentifier>{1230de1f-c35c-4ca9-bfbc-298c08a04963}</UniqueIdentifier>
    </Filter>
    <Filter Include="ソース ファイル\Manager">
      <UniqueIdentifier>{b67b4fc9-322e-45f8-9db5-15104581f032}</UniqueIdentifier>
    </Filter>
    <Filter Include="ソース ファイル\Utils">
      <UniqueIdentifier>{31b9783c-8ee2-4de8-81db-2e172e749d51}</UniqueIdentifier>
    </Filter>
    <Filter Include="リソース ファイル\GameObjectConfig">
      <UniqueIdentifier>{5968bc81-04c9-45c0-b657-c8a797a1c1af}</UniqueIdentifier>
    </Filter>
  </ItemGroup>
  <ItemGroup>
    <ClInclude Include="src\App.h">
      <Filter>ヘッダー ファイル</Filter>
    </ClInclude>
    <ClInclude Include="src\Utils\KeyCode.h">
      <Filter>ヘッダー ファイル\Utils</Filter>
    </ClInclude>
    <ClInclude Include="src\Utils\MathUtil.h">
      <Filter>ヘッダー ファイル\Utils</Filter>
    </ClInclude>
    <ClInclude Include="src\Utils\CDirect3DXFile.h">
      <Filter>ヘッダー ファイル\Utils</Filter>
    </ClInclude>
    <ClInclude Include="src\SceneAttachments\Timer.h">
      <Filter>ヘッダー ファイル\SceneAttachments</Filter>
    </ClInclude>
    <ClInclude Include="src\Scene\Scene.h">
      <Filter>ヘッダー ファイル\Scene</Filter>
    </ClInclude>
    <ClInclude Include="src\Scene\TitleScene.h">
      <Filter>ヘッダー ファイル\Scene</Filter>
    </ClInclude>
    <ClInclude Include="src\Scene\MainScene.h">
      <Filter>ヘッダー ファイル\Scene</Filter>
    </ClInclude>
    <ClInclude Include="src\Manager\GameController.h">
      <Filter>ヘッダー ファイル\Manager</Filter>
    </ClInclude>
    <ClInclude Include="src\Manager\XFileManager.h">
      <Filter>ヘッダー ファイル\Manager</Filter>
    </ClInclude>
    <ClInclude Include="src\Manager\CDirectxGraphics.h">
      <Filter>ヘッダー ファイル\Manager</Filter>
    </ClInclude>
    <ClInclude Include="src\Manager\EventMachine.h">
      <Filter>ヘッダー ファイル\Manager</Filter>
    </ClInclude>
    <ClInclude Include="src\GameObjectAttachments\Collider.h">
      <Filter>ヘッダー ファイル\GameObjectAttachments</Filter>
    </ClInclude>
    <ClInclude Include="src\GameObjectAttachments\BoundingSphere.h">
      <Filter>ヘッダー ファイル\GameObjectAttachments</Filter>
    </ClInclude>
    <ClInclude Include="src\GameObject\TextArea.h">
      <Filter>ヘッダー ファイル\GameObject</Filter>
    </ClInclude>
    <ClInclude Include="src\GameObject\XFileObjectBase.h">
      <Filter>ヘッダー ファイル\GameObject</Filter>
    </ClInclude>
    <ClInclude Include="src\GameObject\GameObject.h">
      <Filter>ヘッダー ファイル\GameObject</Filter>
    </ClInclude>
    <ClInclude Include="src\GameObject\Plain2D.h">
      <Filter>ヘッダー ファイル\GameObject</Filter>
    </ClInclude>
    <ClInclude Include="src\Utils\Input.h">
      <Filter>ヘッダー ファイル\Utils</Filter>
    </ClInclude>
    <ClInclude Include="src\GameObject\Airplane.h">
      <Filter>ヘッダー ファイル\GameObject</Filter>
    </ClInclude>
    <ClInclude Include="src\GameObject\EnemyAirplane.h">
      <Filter>ヘッダー ファイル\GameObject</Filter>
    </ClInclude>
    <ClInclude Include="src\Utils\Utils.h">
      <Filter>ヘッダー ファイル\Utils</Filter>
    </ClInclude>
    <ClInclude Include="src\GameObject\HomingMissile.h">
      <Filter>ヘッダー ファイル\GameObject</Filter>
    </ClInclude>
    <ClInclude Include="src\GameObject\Explosion.h">
      <Filter>ヘッダー ファイル\GameObject</Filter>
    </ClInclude>
    <ClInclude Include="src\GameObject\PlayerAirplane.h">
      <Filter>ヘッダー ファイル\GameObject</Filter>
    </ClInclude>
    <ClInclude Include="src\GameObject\Camera.h">
      <Filter>ヘッダー ファイル\GameObject</Filter>
    </ClInclude>
    <ClInclude Include="src\GameObject\Skydome.h">
      <Filter>ヘッダー ファイル\GameObject</Filter>
    </ClInclude>
    <ClInclude Include="src\GameObject\Rader.h">
      <Filter>ヘッダー ファイル\GameObject</Filter>
    </ClInclude>
    <ClInclude Include="src\Scene\ResultScene.h">
      <Filter>ヘッダー ファイル\Scene</Filter>
    </ClInclude>
  </ItemGroup>
  <ItemGroup>
    <ClCompile Include="src\App.cpp">
      <Filter>ソース ファイル</Filter>
    </ClCompile>
    <ClCompile Include="src\Main.cpp">
      <Filter>ソース ファイル</Filter>
    </ClCompile>
    <ClCompile Include="src\GameObject\Plain2D.cpp">
      <Filter>ソース ファイル\GameObject</Filter>
    </ClCompile>
    <ClCompile Include="src\GameObject\TextArea.cpp">
      <Filter>ソース ファイル\GameObject</Filter>
    </ClCompile>
    <ClCompile Include="src\GameObject\XFileObjectBase.cpp">
      <Filter>ソース ファイル\GameObject</Filter>
    </ClCompile>
    <ClCompile Include="src\GameObject\GameObject.cpp">
      <Filter>ソース ファイル\GameObject</Filter>
    </ClCompile>
    <ClCompile Include="src\GameObjectAttachments\Collider.cpp">
      <Filter>ソース ファイル\GameObjectAttachments</Filter>
    </ClCompile>
    <ClCompile Include="src\GameObjectAttachments\BoundingSphere.cpp">
      <Filter>ソース ファイル\GameObjectAttachments</Filter>
    </ClCompile>
    <ClCompile Include="src\Manager\XFileManager.cpp">
      <Filter>ソース ファイル\Manager</Filter>
    </ClCompile>
    <ClCompile Include="src\Manager\CDirectXGraphics.cpp">
      <Filter>ソース ファイル\Manager</Filter>
    </ClCompile>
    <ClCompile Include="src\Manager\GameController.cpp">
      <Filter>ソース ファイル\Manager</Filter>
    </ClCompile>
    <ClCompile Include="src\Scene\MainScene.cpp">
      <Filter>ソース ファイル\Scene</Filter>
    </ClCompile>
    <ClCompile Include="src\Scene\TitleScene.cpp">
      <Filter>ソース ファイル\Scene</Filter>
    </ClCompile>
    <ClCompile Include="src\Utils\Input.cpp">
      <Filter>ソース ファイル\Utils</Filter>
    </ClCompile>
    <ClCompile Include="src\Utils\MathUtil.cpp">
      <Filter>ソース ファイル\Utils</Filter>
    </ClCompile>
    <ClCompile Include="src\Utils\CDirect3DXFile.cpp">
      <Filter>ソース ファイル\Utils</Filter>
    </ClCompile>
    <ClCompile Include="src\GameObject\Airplane.cpp">
      <Filter>ソース ファイル\GameObject</Filter>
    </ClCompile>
    <ClCompile Include="src\GameObject\EnemyAirplane.cpp">
      <Filter>ソース ファイル\GameObject</Filter>
    </ClCompile>
    <ClCompile Include="src\GameObject\HomingMissile.cpp">
      <Filter>ソース ファイル\GameObject</Filter>
    </ClCompile>
    <ClCompile Include="src\GameObject\Explosion.cpp">
      <Filter>ソース ファイル\GameObject</Filter>
    </ClCompile>
    <ClCompile Include="src\GameObject\PlayerAirplane.cpp">
      <Filter>ソース ファイル\GameObject</Filter>
    </ClCompile>
    <ClCompile Include="src\GameObject\Camera.cpp">
      <Filter>ソース ファイル\GameObject</Filter>
    </ClCompile>
    <ClCompile Include="src\GameObject\Skydome.cpp">
      <Filter>ソース ファイル\GameObject</Filter>
    </ClCompile>
    <ClCompile Include="src\GameObject\Rader.cpp">
      <Filter>ソース ファイル\GameObject</Filter>
    </ClCompile>
    <ClCompile Include="src\Scene\ResultScene.cpp">
      <Filter>ソース ファイル\Scene</Filter>
    </ClCompile>
  </ItemGroup>
  <ItemGroup>
    <None Include="assets\GameObjectConfig\enemy.json">
      <Filter>リソース ファイル\GameObjectConfig</Filter>
    </None>
  </ItemGroup>
</Project>